
Microsoft Visual Studio Solution File, Format Version 12.00
# Visual Studio 15
VisualStudioVersion = 15.0.26124.0
MinimumVisualStudioVersion = 15.0.26124.0
Project("{FAE04EC0-301F-11D3-BF4B-00C04F79EFBC}") = "EndPoint", "EndPoint\EndPoint.csproj", "{2B73C8AE-2007-4E69-B2F9-D99EB1D210A8}"
EndProject
Project("{FAE04EC0-301F-11D3-BF4B-00C04F79EFBC}") = "Commands", "Commands\Commands.csproj", "{F7E68CBF-9F5F-4075-978B-323D491258A7}"
EndProject
Project("{FAE04EC0-301F-11D3-BF4B-00C04F79EFBC}") = "Domain", "Domain\Domain.csproj", "{751D74D8-819B-42A1-AA75-6F09061EF382}"
EndProject
Project("{FAE04EC0-301F-11D3-BF4B-00C04F79EFBC}") = "WebApi", "WebApi\WebApi.csproj", "{2925AD62-4DF7-4647-B0CD-C9E097452FEC}"
EndProject
Global
	GlobalSection(SolutionConfigurationPlatforms) = preSolution
		Debug|Any CPU = Debug|Any CPU
		Debug|x64 = Debug|x64
		Debug|x86 = Debug|x86
		Release|Any CPU = Release|Any CPU
		Release|x64 = Release|x64
		Release|x86 = Release|x86
	EndGlobalSection
	GlobalSection(SolutionProperties) = preSolution
		HideSolutionNode = FALSE
	EndGlobalSection
	GlobalSection(ProjectConfigurationPlatforms) = postSolution
		{2B73C8AE-2007-4E69-B2F9-D99EB1D210A8}.Debug|Any CPU.ActiveCfg = Debug|Any CPU
		{2B73C8AE-2007-4E69-B2F9-D99EB1D210A8}.Debug|Any CPU.Build.0 = Debug|Any CPU
		{2B73C8AE-2007-4E69-B2F9-D99EB1D210A8}.Debug|x64.ActiveCfg = Debug|Any CPU
		{2B73C8AE-2007-4E69-B2F9-D99EB1D210A8}.Debug|x64.Build.0 = Debug|Any CPU
		{2B73C8AE-2007-4E69-B2F9-D99EB1D210A8}.Debug|x86.ActiveCfg = Debug|Any CPU
		{2B73C8AE-2007-4E69-B2F9-D99EB1D210A8}.Debug|x86.Build.0 = Debug|Any CPU
		{2B73C8AE-2007-4E69-B2F9-D99EB1D210A8}.Release|Any CPU.ActiveCfg = Release|Any CPU
		{2B73C8AE-2007-4E69-B2F9-D99EB1D210A8}.Release|Any CPU.Build.0 = Release|Any CPU
		{2B73C8AE-2007-4E69-B2F9-D99EB1D210A8}.Release|x64.ActiveCfg = Release|Any CPU
		{2B73C8AE-2007-4E69-B2F9-D99EB1D210A8}.Release|x64.Build.0 = Release|Any CPU
		{2B73C8AE-2007-4E69-B2F9-D99EB1D210A8}.Release|x86.ActiveCfg = Release|Any CPU
		{2B73C8AE-2007-4E69-B2F9-D99EB1D210A8}.Release|x86.Build.0 = Release|Any CPU
		{F7E68CBF-9F5F-4075-978B-323D491258A7}.Debug|Any CPU.ActiveCfg = Debug|Any CPU
		{F7E68CBF-9F5F-4075-978B-323D491258A7}.Debug|Any CPU.Build.0 = Debug|Any CPU
		{F7E68CBF-9F5F-4075-978B-323D491258A7}.Debug|x64.ActiveCfg = Debug|Any CPU
		{F7E68CBF-9F5F-4075-978B-323D491258A7}.Debug|x64.Build.0 = Debug|Any CPU
		{F7E68CBF-9F5F-4075-978B-323D491258A7}.Debug|x86.ActiveCfg = Debug|Any CPU
		{F7E68CBF-9F5F-4075-978B-323D491258A7}.Debug|x86.Build.0 = Debug|Any CPU
		{F7E68CBF-9F5F-4075-978B-323D491258A7}.Release|Any CPU.ActiveCfg = Release|Any CPU
		{F7E68CBF-9F5F-4075-978B-323D491258A7}.Release|Any CPU.Build.0 = Release|Any CPU
		{F7E68CBF-9F5F-4075-978B-323D491258A7}.Release|x64.ActiveCfg = Release|Any CPU
		{F7E68CBF-9F5F-4075-978B-323D491258A7}.Release|x64.Build.0 = Release|Any CPU
		{F7E68CBF-9F5F-4075-978B-323D491258A7}.Release|x86.ActiveCfg = Release|Any CPU
		{F7E68CBF-9F5F-4075-978B-323D491258A7}.Release|x86.Build.0 = Release|Any CPU
		{751D74D8-819B-42A1-AA75-6F09061EF382}.Debug|Any CPU.ActiveCfg = Debug|Any CPU
		{751D74D8-819B-42A1-AA75-6F09061EF382}.Debug|Any CPU.Build.0 = Debug|Any CPU
		{751D74D8-819B-42A1-AA75-6F09061EF382}.Debug|x64.ActiveCfg = Debug|Any CPU
		{751D74D8-819B-42A1-AA75-6F09061EF382}.Debug|x64.Build.0 = Debug|Any CPU
		{751D74D8-819B-42A1-AA75-6F09061EF382}.Debug|x86.ActiveCfg = Debug|Any CPU
		{751D74D8-819B-42A1-AA75-6F09061EF382}.Debug|x86.Build.0 = Debug|Any CPU
		{751D74D8-819B-42A1-AA75-6F09061EF382}.Release|Any CPU.ActiveCfg = Release|Any CPU
		{751D74D8-819B-42A1-AA75-6F09061EF382}.Release|Any CPU.Build.0 = Release|Any CPU
		{751D74D8-819B-42A1-AA75-6F09061EF382}.Release|x64.ActiveCfg = Release|Any CPU
		{751D74D8-819B-42A1-AA75-6F09061EF382}.Release|x64.Build.0 = Release|Any CPU
		{751D74D8-819B-42A1-AA75-6F09061EF382}.Release|x86.ActiveCfg = Release|Any CPU
		{751D74D8-819B-42A1-AA75-6F09061EF382}.Release|x86.Build.0 = Release|Any CPU
		{2925AD62-4DF7-4647-B0CD-C9E097452FEC}.Debug|Any CPU.ActiveCfg = Debug|Any CPU
		{2925AD62-4DF7-4647-B0CD-C9E097452FEC}.Debug|Any CPU.Build.0 = Debug|Any CPU
		{2925AD62-4DF7-4647-B0CD-C9E097452FEC}.Debug|x64.ActiveCfg = Debug|Any CPU
		{2925AD62-4DF7-4647-B0CD-C9E097452FEC}.Debug|x64.Build.0 = Debug|Any CPU
		{2925AD62-4DF7-4647-B0CD-C9E097452FEC}.Debug|x86.ActiveCfg = Debug|Any CPU
		{2925AD62-4DF7-4647-B0CD-C9E097452FEC}.Debug|x86.Build.0 = Debug|Any CPU
		{2925AD62-4DF7-4647-B0CD-C9E097452FEC}.Release|Any CPU.ActiveCfg = Release|Any CPU
		{2925AD62-4DF7-4647-B0CD-C9E097452FEC}.Release|Any CPU.Build.0 = Release|Any CPU
		{2925AD62-4DF7-4647-B0CD-C9E097452FEC}.Release|x64.ActiveCfg = Release|Any CPU
		{2925AD62-4DF7-4647-B0CD-C9E097452FEC}.Release|x64.Build.0 = Release|Any CPU
		{2925AD62-4DF7-4647-B0CD-C9E097452FEC}.Release|x86.ActiveCfg = Release|Any CPU
		{2925AD62-4DF7-4647-B0CD-C9E097452FEC}.Release|x86.Build.0 = Release|Any CPU
	EndGlobalSection
EndGlobal
